
Microsoft Visual Studio Solution File, Format Version 12.00
# Visual Studio 15
VisualStudioVersion = 15.0.27004.2002
MinimumVisualStudioVersion = 10.0.40219.1
Project("{FAE04EC0-301F-11D3-BF4B-00C04F79EFBC}") = "Transformer", "Transformer\Transformer.csproj", "{32AE454B-0ED1-439B-A0E5-2BB1DBBF6964}"
EndProject
Project("{FAE04EC0-301F-11D3-BF4B-00C04F79EFBC}") = "Models", "Models\Models.csproj", "{4EED46AA-FAC6-4B06-A9BA-19BC47745E3E}"
EndProject
Project("{FAE04EC0-301F-11D3-BF4B-00C04F79EFBC}") = "ConsoleApp", "ConsoleApp\ConsoleApp.csproj", "{042053A8-3E9F-43BD-B500-7AAC5BFAF5B3}"
EndProject
Global
	GlobalSection(SolutionConfigurationPlatforms) = preSolution
		Debug|Any CPU = Debug|Any CPU
		Release|Any CPU = Release|Any CPU
	EndGlobalSection
	GlobalSection(ProjectConfigurationPlatforms) = postSolution
		{32AE454B-0ED1-439B-A0E5-2BB1DBBF6964}.Debug|Any CPU.ActiveCfg = Debug|Any CPU
		{32AE454B-0ED1-439B-A0E5-2BB1DBBF6964}.Debug|Any CPU.Build.0 = Debug|Any CPU
		{32AE454B-0ED1-439B-A0E5-2BB1DBBF6964}.Release|Any CPU.ActiveCfg = Release|Any CPU
		{32AE454B-0ED1-439B-A0E5-2BB1DBBF6964}.Release|Any CPU.Build.0 = Release|Any CPU
		{4EED46AA-FAC6-4B06-A9BA-19BC47745E3E}.Debug|Any CPU.ActiveCfg = Debug|Any CPU
		{4EED46AA-FAC6-4B06-A9BA-19BC47745E3E}.Debug|Any CPU.Build.0 = Debug|Any CPU
		{4EED46AA-FAC6-4B06-A9BA-19BC47745E3E}.Release|Any CPU.ActiveCfg = Release|Any CPU
		{4EED46AA-FAC6-4B06-A9BA-19BC47745E3E}.Release|Any CPU.Build.0 = Release|Any CPU
		{042053A8-3E9F-43BD-B500-7AAC5BFAF5B3}.Debug|Any CPU.ActiveCfg = Debug|Any CPU
		{042053A8-3E9F-43BD-B500-7AAC5BFAF5B3}.Debug|Any CPU.Build.0 = Debug|Any CPU
		{042053A8-3E9F-43BD-B500-7AAC5BFAF5B3}.Release|Any CPU.ActiveCfg = Release|Any CPU
		{042053A8-3E9F-43BD-B500-7AAC5BFAF5B3}.Release|Any CPU.Build.0 = Release|Any CPU
	EndGlobalSection
	GlobalSection(SolutionProperties) = preSolution
		HideSolutionNode = FALSE
	EndGlobalSection
	GlobalSection(ExtensibilityGlobals) = postSolution
		SolutionGuid = {9B1AC066-C8B6-4F82-9DC6-CBF6B61B5A8F}
	EndGlobalSection
EndGlobal
